
Microsoft Visual Studio Solution File, Format Version 12.00
# Visual Studio 2013
VisualStudioVersion = 12.0.31101.0
MinimumVisualStudioVersion = 10.0.40219.1
Project("{FAE04EC0-301F-11D3-BF4B-00C04F79EFBC}") = "UI.Desktop", "UI.Desktop\UI.Desktop.csproj", "{766EC0B5-6E28-4A83-B6ED-9588E59D060D}"
EndProject
Project("{FAE04EC0-301F-11D3-BF4B-00C04F79EFBC}") = "Negocio", "Negocio\Negocio.csproj", "{3A48CBEF-F2A3-49C6-B461-17580E570E59}"
EndProject
Project("{FAE04EC0-301F-11D3-BF4B-00C04F79EFBC}") = "Util", "Util\Util.csproj", "{5A749319-1612-4BFD-9072-7FE23B99CE64}"
EndProject
Project("{FAE04EC0-301F-11D3-BF4B-00C04F79EFBC}") = "Business.Entities", "Business.Entities\Business.Entities.csproj", "{B8B93050-05F7-4575-B8BF-A51210397A83}"
EndProject
Project("{FAE04EC0-301F-11D3-BF4B-00C04F79EFBC}") = "Data.Database", "Data.Database\Data.Database\Data.Database.csproj", "{18D1C50F-58E0-4D94-B05B-4A95A146E6BB}"
EndProject
Project("{FAE04EC0-301F-11D3-BF4B-00C04F79EFBC}") = "UI.Consola", "UI.Consola\UI.Consola.csproj", "{AD8FA113-4340-4417-A8B1-2A9EB27C428E}"
EndProject
Project("{FAE04EC0-301F-11D3-BF4B-00C04F79EFBC}") = "UI.Web", "UI.Web\UI.Web.csproj", "{BF5C94E5-0810-4908-8746-807812EC597B}"
EndProject
Global
	GlobalSection(SolutionConfigurationPlatforms) = preSolution
		Debug|Any CPU = Debug|Any CPU
		Release|Any CPU = Release|Any CPU
	EndGlobalSection
	GlobalSection(ProjectConfigurationPlatforms) = postSolution
		{766EC0B5-6E28-4A83-B6ED-9588E59D060D}.Debug|Any CPU.ActiveCfg = Debug|Any CPU
		{766EC0B5-6E28-4A83-B6ED-9588E59D060D}.Debug|Any CPU.Build.0 = Debug|Any CPU
		{766EC0B5-6E28-4A83-B6ED-9588E59D060D}.Release|Any CPU.ActiveCfg = Release|Any CPU
		{766EC0B5-6E28-4A83-B6ED-9588E59D060D}.Release|Any CPU.Build.0 = Release|Any CPU
		{3A48CBEF-F2A3-49C6-B461-17580E570E59}.Debug|Any CPU.ActiveCfg = Debug|Any CPU
		{3A48CBEF-F2A3-49C6-B461-17580E570E59}.Debug|Any CPU.Build.0 = Debug|Any CPU
		{3A48CBEF-F2A3-49C6-B461-17580E570E59}.Release|Any CPU.ActiveCfg = Release|Any CPU
		{3A48CBEF-F2A3-49C6-B461-17580E570E59}.Release|Any CPU.Build.0 = Release|Any CPU
		{5A749319-1612-4BFD-9072-7FE23B99CE64}.Debug|Any CPU.ActiveCfg = Debug|Any CPU
		{5A749319-1612-4BFD-9072-7FE23B99CE64}.Debug|Any CPU.Build.0 = Debug|Any CPU
		{5A749319-1612-4BFD-9072-7FE23B99CE64}.Release|Any CPU.ActiveCfg = Release|Any CPU
		{5A749319-1612-4BFD-9072-7FE23B99CE64}.Release|Any CPU.Build.0 = Release|Any CPU
		{B8B93050-05F7-4575-B8BF-A51210397A83}.Debug|Any CPU.ActiveCfg = Debug|Any CPU
		{B8B93050-05F7-4575-B8BF-A51210397A83}.Debug|Any CPU.Build.0 = Debug|Any CPU
		{B8B93050-05F7-4575-B8BF-A51210397A83}.Release|Any CPU.ActiveCfg = Release|Any CPU
		{B8B93050-05F7-4575-B8BF-A51210397A83}.Release|Any CPU.Build.0 = Release|Any CPU
		{18D1C50F-58E0-4D94-B05B-4A95A146E6BB}.Debug|Any CPU.ActiveCfg = Debug|Any CPU
		{18D1C50F-58E0-4D94-B05B-4A95A146E6BB}.Debug|Any CPU.Build.0 = Debug|Any CPU
		{18D1C50F-58E0-4D94-B05B-4A95A146E6BB}.Release|Any CPU.ActiveCfg = Release|Any CPU
		{18D1C50F-58E0-4D94-B05B-4A95A146E6BB}.Release|Any CPU.Build.0 = Release|Any CPU
		{AD8FA113-4340-4417-A8B1-2A9EB27C428E}.Debug|Any CPU.ActiveCfg = Debug|Any CPU
		{AD8FA113-4340-4417-A8B1-2A9EB27C428E}.Debug|Any CPU.Build.0 = Debug|Any CPU
		{AD8FA113-4340-4417-A8B1-2A9EB27C428E}.Release|Any CPU.ActiveCfg = Release|Any CPU
		{AD8FA113-4340-4417-A8B1-2A9EB27C428E}.Release|Any CPU.Build.0 = Release|Any CPU
		{BF5C94E5-0810-4908-8746-807812EC597B}.Debug|Any CPU.ActiveCfg = Debug|Any CPU
		{BF5C94E5-0810-4908-8746-807812EC597B}.Debug|Any CPU.Build.0 = Debug|Any CPU
		{BF5C94E5-0810-4908-8746-807812EC597B}.Release|Any CPU.ActiveCfg = Release|Any CPU
		{BF5C94E5-0810-4908-8746-807812EC597B}.Release|Any CPU.Build.0 = Release|Any CPU
	EndGlobalSection
	GlobalSection(SolutionProperties) = preSolution
		HideSolutionNode = FALSE
	EndGlobalSection
EndGlobal
